
Microsoft Visual Studio Solution File, Format Version 12.00
# Visual Studio Version 17
VisualStudioVersion = 17.10.35013.160
MinimumVisualStudioVersion = 10.0.40219.1
Project("{9A19103F-16F7-4668-BE54-9A1E7A4F7556}") = "DateTime", "DateTime.csproj", "{CBB97198-4269-4AC7-99E9-5925DE77B534}"
EndProject
Global
	GlobalSection(SolutionConfigurationPlatforms) = preSolution
		Debug|Any CPU = Debug|Any CPU
		Release|Any CPU = Release|Any CPU
	EndGlobalSection
	GlobalSection(ProjectConfigurationPlatforms) = postSolution
		{CBB97198-4269-4AC7-99E9-5925DE77B534}.Debug|Any CPU.ActiveCfg = Debug|Any CPU
		{CBB97198-4269-4AC7-99E9-5925DE77B534}.Debug|Any CPU.Build.0 = Debug|Any CPU
		{CBB97198-4269-4AC7-99E9-5925DE77B534}.Release|Any CPU.ActiveCfg = Release|Any CPU
		{CBB97198-4269-4AC7-99E9-5925DE77B534}.Release|Any CPU.Build.0 = Release|Any CPU
	EndGlobalSection
	GlobalSection(SolutionProperties) = preSolution
		HideSolutionNode = FALSE
	EndGlobalSection
	GlobalSection(ExtensibilityGlobals) = postSolution
		SolutionGuid = {C89DA7CB-8606-40C0-8BAD-DB1E75997860}
	EndGlobalSection
EndGlobal
